// !$*UTF8*$!
{
	archiveVersion = 1;
	classes = {
	};
	objectVersion = 52;
	objects = {

/* Begin PBXBuildFile section */
		122449F424751DEE002FB2D7 /* Main.storyboard in Resources */ = {isa = PBXBuildFile; fileRef = 122449F324751DEE002FB2D7 /* Main.storyboard */; };
		122449F624751F62002FB2D7 /* DemoCollectionViewController.swift in Sources */ = {isa = PBXBuildFile; fileRef = 122449F524751F62002FB2D7 /* DemoCollectionViewController.swift */; };
		122449FA24752072002FB2D7 /* PhotoCollectionViewCell.swift in Sources */ = {isa = PBXBuildFile; fileRef = 122449F924752072002FB2D7 /* PhotoCollectionViewCell.swift */; };
		122449FC2475253D002FB2D7 /* PhotoCollectionView.swift in Sources */ = {isa = PBXBuildFile; fileRef = 122449FB2475253D002FB2D7 /* PhotoCollectionView.swift */; };
		12244A3A2477690D002FB2D7 /* WallCollectionViewController.swift in Sources */ = {isa = PBXBuildFile; fileRef = 12244A392477690D002FB2D7 /* WallCollectionViewController.swift */; };
		12244A3C24777623002FB2D7 /* WallCollectionViewCell.swift in Sources */ = {isa = PBXBuildFile; fileRef = 12244A3B24777623002FB2D7 /* WallCollectionViewCell.swift */; };
		12244A4224798995002FB2D7 /* Photoindex.swift in Sources */ = {isa = PBXBuildFile; fileRef = 12244A4124798995002FB2D7 /* Photoindex.swift */; };
		122A0D55246E5F170056818F /* ProfileView.swift in Sources */ = {isa = PBXBuildFile; fileRef = 122A0D54246E5F170056818F /* ProfileView.swift */; };
		122A0D98246F94780056818F /* LogoView.swift in Sources */ = {isa = PBXBuildFile; fileRef = 122A0D97246F94780056818F /* LogoView.swift */; };
		122A0D9C246FCD800056818F /* VideoView.swift in Sources */ = {isa = PBXBuildFile; fileRef = 122A0D9B246FCD800056818F /* VideoView.swift */; };
		123743262480876000056285 /* 想見你.mp3 in Resources */ = {isa = PBXBuildFile; fileRef = 123743252480876000056285 /* 想見你.mp3 */; };
		12420040245E5E4300FEA28E /* KingfisherSwiftUIStatic in Frameworks */ = {isa = PBXBuildFile; productRef = 1242003F245E5E4300FEA28E /* KingfisherSwiftUIStatic */; };
		12420042245E5E4300FEA28E /* KingfisherSwiftUI in Frameworks */ = {isa = PBXBuildFile; productRef = 12420041245E5E4300FEA28E /* KingfisherSwiftUI */; };
		12420044245E5E4300FEA28E /* KingfisherSwiftUIDynamic in Frameworks */ = {isa = PBXBuildFile; productRef = 12420043245E5E4300FEA28E /* KingfisherSwiftUIDynamic */; };
		12420045245E5E4300FEA28E /* KingfisherSwiftUIDynamic in Embed Frameworks */ = {isa = PBXBuildFile; productRef = 12420043245E5E4300FEA28E /* KingfisherSwiftUIDynamic */; settings = {ATTRIBUTES = (CodeSignOnCopy, ); }; };
		12420048245E5E9200FEA28E /* FacebookLogin in Frameworks */ = {isa = PBXBuildFile; productRef = 12420047245E5E9200FEA28E /* FacebookLogin */; };
		1242004A245E5E9200FEA28E /* FacebookCore in Frameworks */ = {isa = PBXBuildFile; productRef = 12420049245E5E9200FEA28E /* FacebookCore */; };
		12420053245E5F5E00FEA28E /* ColorExtension.swift in Sources */ = {isa = PBXBuildFile; fileRef = 1242004B245E5F5E00FEA28E /* ColorExtension.swift */; };
		12420054245E5F5E00FEA28E /* NetworkClass.swift in Sources */ = {isa = PBXBuildFile; fileRef = 1242004C245E5F5E00FEA28E /* NetworkClass.swift */; };
		12420055245E5F5E00FEA28E /* UIColorExtension.swift in Sources */ = {isa = PBXBuildFile; fileRef = 1242004D245E5F5E00FEA28E /* UIColorExtension.swift */; };
		12420056245E5F5E00FEA28E /* SheetdbViewModel.swift in Sources */ = {isa = PBXBuildFile; fileRef = 1242004E245E5F5E00FEA28E /* SheetdbViewModel.swift */; };
		12420057245E5F5E00FEA28E /* Multitextfield.swift in Sources */ = {isa = PBXBuildFile; fileRef = 1242004F245E5F5E00FEA28E /* Multitextfield.swift */; };
		12420058245E5F5E00FEA28E /* SentyGoldenBell.ttf in Resources */ = {isa = PBXBuildFile; fileRef = 12420050245E5F5E00FEA28E /* SentyGoldenBell.ttf */; };
		12420059245E5F5E00FEA28E /* LinearGradientExtension.swift in Sources */ = {isa = PBXBuildFile; fileRef = 12420051245E5F5E00FEA28E /* LinearGradientExtension.swift */; };
		1242005A245E5F5E00FEA28E /* DataStructure.swift in Sources */ = {isa = PBXBuildFile; fileRef = 12420052245E5F5E00FEA28E /* DataStructure.swift */; };
		1242008B245E603D00FEA28E /* ContentView.swift in Sources */ = {isa = PBXBuildFile; fileRef = 1242007C245E603D00FEA28E /* ContentView.swift */; };
		1242008C245E603D00FEA28E /* MotherView.swift in Sources */ = {isa = PBXBuildFile; fileRef = 1242007D245E603D00FEA28E /* MotherView.swift */; };
		1242008D245E603D00FEA28E /* RegisterView.swift in Sources */ = {isa = PBXBuildFile; fileRef = 1242007E245E603D00FEA28E /* RegisterView.swift */; };
		1242008E245E603D00FEA28E /* StartView.swift in Sources */ = {isa = PBXBuildFile; fileRef = 1242007F245E603D00FEA28E /* StartView.swift */; };
		1242008F245E603D00FEA28E /* Forgotpasswordview.swift in Sources */ = {isa = PBXBuildFile; fileRef = 12420080245E603D00FEA28E /* Forgotpasswordview.swift */; };
		12420090245E603D00FEA28E /* LoginView.swift in Sources */ = {isa = PBXBuildFile; fileRef = 12420081245E603D00FEA28E /* LoginView.swift */; };
		12420091245E603D00FEA28E /* ChangePasswordView.swift in Sources */ = {isa = PBXBuildFile; fileRef = 12420082245E603D00FEA28E /* ChangePasswordView.swift */; };
		12420092245E603D00FEA28E /* Pributton.swift in Sources */ = {isa = PBXBuildFile; fileRef = 12420083245E603D00FEA28E /* Pributton.swift */; };
		12420093245E603D00FEA28E /* HomeView.swift in Sources */ = {isa = PBXBuildFile; fileRef = 12420084245E603D00FEA28E /* HomeView.swift */; };
		12420094245E603D00FEA28E /* NextButton.swift in Sources */ = {isa = PBXBuildFile; fileRef = 12420085245E603D00FEA28E /* NextButton.swift */; };
		12420095245E603D00FEA28E /* UploadfileView.swift in Sources */ = {isa = PBXBuildFile; fileRef = 12420086245E603D00FEA28E /* UploadfileView.swift */; };
		12420096245E603D00FEA28E /* ImagepickerView.swift in Sources */ = {isa = PBXBuildFile; fileRef = 12420087245E603D00FEA28E /* ImagepickerView.swift */; };
		12420098245E603D00FEA28E /* SetProfileView.swift in Sources */ = {isa = PBXBuildFile; fileRef = 12420089245E603D00FEA28E /* SetProfileView.swift */; };
		12420099245E603D00FEA28E /* MenuView.swift in Sources */ = {isa = PBXBuildFile; fileRef = 1242008A245E603D00FEA28E /* MenuView.swift */; };
		1242009B245E62BF00FEA28E /* EdwardianScriptITC.ttf in Resources */ = {isa = PBXBuildFile; fileRef = 1242009A245E62BF00FEA28E /* EdwardianScriptITC.ttf */; };
		124200A0245EBEA300FEA28E /* UploadImageManager.swift in Sources */ = {isa = PBXBuildFile; fileRef = 1242009F245EBEA300FEA28E /* UploadImageManager.swift */; };
		124200A22460025E00FEA28E /* ImagepickerviewController.swift in Sources */ = {isa = PBXBuildFile; fileRef = 124200A12460025E00FEA28E /* ImagepickerviewController.swift */; };
		124200A42461433500FEA28E /* PostViewRow.swift in Sources */ = {isa = PBXBuildFile; fileRef = 124200A32461433500FEA28E /* PostViewRow.swift */; };
		1259555A248783C30095251B /* SearchBar.swift in Sources */ = {isa = PBXBuildFile; fileRef = 12595559248783C30095251B /* SearchBar.swift */; };
		125D739A246BCCA70063263C /* Locationmanager.swift in Sources */ = {isa = PBXBuildFile; fileRef = 125D7399246BCCA70063263C /* Locationmanager.swift */; };
		125D739D246C3CC20063263C /* Alamofire in Frameworks */ = {isa = PBXBuildFile; productRef = 125D739C246C3CC20063263C /* Alamofire */; };
		1277D1BC240F8E8C00EC10F8 /* AppDelegate.swift in Sources */ = {isa = PBXBuildFile; fileRef = 1277D1BB240F8E8C00EC10F8 /* AppDelegate.swift */; };
		1277D1BE240F8E8C00EC10F8 /* SceneDelegate.swift in Sources */ = {isa = PBXBuildFile; fileRef = 1277D1BD240F8E8C00EC10F8 /* SceneDelegate.swift */; };
		1277D1C2240F8E8D00EC10F8 /* Assets.xcassets in Resources */ = {isa = PBXBuildFile; fileRef = 1277D1C1240F8E8D00EC10F8 /* Assets.xcassets */; };
		1277D1C5240F8E8D00EC10F8 /* Preview Assets.xcassets in Resources */ = {isa = PBXBuildFile; fileRef = 1277D1C4240F8E8D00EC10F8 /* Preview Assets.xcassets */; };
		1277D1C8240F8E8D00EC10F8 /* LaunchScreen.storyboard in Resources */ = {isa = PBXBuildFile; fileRef = 1277D1C6240F8E8D00EC10F8 /* LaunchScreen.storyboard */; };
		1277D1D3240F8E8E00EC10F8 /* dteproofTests.swift in Sources */ = {isa = PBXBuildFile; fileRef = 1277D1D2240F8E8E00EC10F8 /* dteproofTests.swift */; };
		1277D1DE240F8E8E00EC10F8 /* dteproofUITests.swift in Sources */ = {isa = PBXBuildFile; fileRef = 1277D1DD240F8E8E00EC10F8 /* dteproofUITests.swift */; };
		128F8F65247E420C0080CD06 /* CoreDataModel.xcdatamodeld in Sources */ = {isa = PBXBuildFile; fileRef = 128F8F63247E420C0080CD06 /* CoreDataModel.xcdatamodeld */; };
		128F8F67247F67570080CD06 /* CountDownView.swift in Sources */ = {isa = PBXBuildFile; fileRef = 128F8F66247F67570080CD06 /* CountDownView.swift */; };
		BC96E4496E91FA385D66AFA3 /* Pods_dteproofTests.framework in Frameworks */ = {isa = PBXBuildFile; fileRef = 71B543FB2560FCA834DCCF41 /* Pods_dteproofTests.framework */; };
		CF299E2713FCED3C38FF6B6A /* Pods_dteproof.framework in Frameworks */ = {isa = PBXBuildFile; fileRef = 100914A0E7D3F04B77355A67 /* Pods_dteproof.framework */; };
		EC1268A8D5A409DE71A5A8D9 /* Pods_dteproof_dteproofUITests.framework in Frameworks */ = {isa = PBXBuildFile; fileRef = 72E1CDA67D031C9608659BFC /* Pods_dteproof_dteproofUITests.framework */; };
/* End PBXBuildFile section */

/* Begin PBXContainerItemProxy section */
		1277D1CF240F8E8E00EC10F8 /* PBXContainerItemProxy */ = {
			isa = PBXContainerItemProxy;
			containerPortal = 1277D1B0240F8E8C00EC10F8 /* Project object */;
			proxyType = 1;
			remoteGlobalIDString = 1277D1B7240F8E8C00EC10F8;
			remoteInfo = dteproof;
		};
		1277D1DA240F8E8E00EC10F8 /* PBXContainerItemProxy */ = {
			isa = PBXContainerItemProxy;
			containerPortal = 1277D1B0240F8E8C00EC10F8 /* Project object */;
			proxyType = 1;
			remoteGlobalIDString = 1277D1B7240F8E8C00EC10F8;
			remoteInfo = dteproof;
		};
/* End PBXContainerItemProxy section */

/* Begin PBXCopyFilesBuildPhase section */
		126001BD24347FC7001DA268 /* Embed Frameworks */ = {
			isa = PBXCopyFilesBuildPhase;
			buildActionMask = 2147483647;
			dstPath = "";
			dstSubfolderSpec = 10;
			files = (
				12420045245E5E4300FEA28E /* KingfisherSwiftUIDynamic in Embed Frameworks */,
			);
			name = "Embed Frameworks";
			runOnlyForDeploymentPostprocessing = 0;
		};
/* End PBXCopyFilesBuildPhase section */

/* Begin PBXFileReference section */
		100914A0E7D3F04B77355A67 /* Pods_dteproof.framework */ = {isa = PBXFileReference; explicitFileType = wrapper.framework; includeInIndex = 0; path = Pods_dteproof.framework; sourceTree = BUILT_PRODUCTS_DIR; };
		122449F324751DEE002FB2D7 /* Main.storyboard */ = {isa = PBXFileReference; lastKnownFileType = file.storyboard; path = Main.storyboard; sourceTree = "<group>"; };
		122449F524751F62002FB2D7 /* DemoCollectionViewController.swift */ = {isa = PBXFileReference; lastKnownFileType = sourcecode.swift; name = DemoCollectionViewController.swift; path = viewcontroller/DemoCollectionViewController.swift; sourceTree = SOURCE_ROOT; };
		122449F924752072002FB2D7 /* PhotoCollectionViewCell.swift */ = {isa = PBXFileReference; lastKnownFileType = sourcecode.swift; path = PhotoCollectionViewCell.swift; sourceTree = SOURCE_ROOT; };
		122449FB2475253D002FB2D7 /* PhotoCollectionView.swift */ = {isa = PBXFileReference; lastKnownFileType = sourcecode.swift; name = PhotoCollectionView.swift; path = datamodel/PhotoCollectionView.swift; sourceTree = SOURCE_ROOT; };
		12244A392477690D002FB2D7 /* WallCollectionViewController.swift */ = {isa = PBXFileReference; lastKnownFileType = sourcecode.swift; name = WallCollectionViewController.swift; path = viewcontroller/WallCollectionViewController.swift; sourceTree = SOURCE_ROOT; };
		12244A3B24777623002FB2D7 /* WallCollectionViewCell.swift */ = {isa = PBXFileReference; lastKnownFileType = sourcecode.swift; name = WallCollectionViewCell.swift; path = subview/WallCollectionViewCell.swift; sourceTree = SOURCE_ROOT; };
		12244A4124798995002FB2D7 /* Photoindex.swift */ = {isa = PBXFileReference; lastKnownFileType = sourcecode.swift; path = Photoindex.swift; sourceTree = SOURCE_ROOT; };
		122A0D54246E5F170056818F /* ProfileView.swift */ = {isa = PBXFileReference; lastKnownFileType = sourcecode.swift; path = ProfileView.swift; sourceTree = "<group>"; };
		122A0D97246F94780056818F /* LogoView.swift */ = {isa = PBXFileReference; lastKnownFileType = sourcecode.swift; name = LogoView.swift; path = view/LogoView.swift; sourceTree = SOURCE_ROOT; };
		122A0D9B246FCD800056818F /* VideoView.swift */ = {isa = PBXFileReference; lastKnownFileType = sourcecode.swift; path = VideoView.swift; sourceTree = "<group>"; };
		123743252480876000056285 /* 想見你.mp3 */ = {isa = PBXFileReference; lastKnownFileType = audio.mp3; path = "想見你.mp3"; sourceTree = "<group>"; };
		1242004B245E5F5E00FEA28E /* ColorExtension.swift */ = {isa = PBXFileReference; fileEncoding = 4; lastKnownFileType = sourcecode.swift; path = ColorExtension.swift; sourceTree = "<group>"; };
		1242004C245E5F5E00FEA28E /* NetworkClass.swift */ = {isa = PBXFileReference; fileEncoding = 4; lastKnownFileType = sourcecode.swift; path = NetworkClass.swift; sourceTree = "<group>"; };
		1242004D245E5F5E00FEA28E /* UIColorExtension.swift */ = {isa = PBXFileReference; fileEncoding = 4; lastKnownFileType = sourcecode.swift; path = UIColorExtension.swift; sourceTree = "<group>"; };
		1242004E245E5F5E00FEA28E /* SheetdbViewModel.swift */ = {isa = PBXFileReference; fileEncoding = 4; lastKnownFileType = sourcecode.swift; path = SheetdbViewModel.swift; sourceTree = "<group>"; };
		1242004F245E5F5E00FEA28E /* Multitextfield.swift */ = {isa = PBXFileReference; fileEncoding = 4; lastKnownFileType = sourcecode.swift; path = Multitextfield.swift; sourceTree = "<group>"; };
		12420050245E5F5E00FEA28E /* SentyGoldenBell.ttf */ = {isa = PBXFileReference; lastKnownFileType = file; path = SentyGoldenBell.ttf; sourceTree = "<group>"; };
		12420051245E5F5E00FEA28E /* LinearGradientExtension.swift */ = {isa = PBXFileReference; fileEncoding = 4; lastKnownFileType = sourcecode.swift; path = LinearGradientExtension.swift; sourceTree = "<group>"; };
		12420052245E5F5E00FEA28E /* DataStructure.swift */ = {isa = PBXFileReference; fileEncoding = 4; lastKnownFileType = sourcecode.swift; path = DataStructure.swift; sourceTree = "<group>"; };
		1242007C245E603D00FEA28E /* ContentView.swift */ = {isa = PBXFileReference; fileEncoding = 4; lastKnownFileType = sourcecode.swift; name = ContentView.swift; path = view/ContentView.swift; sourceTree = SOURCE_ROOT; };
		1242007D245E603D00FEA28E /* MotherView.swift */ = {isa = PBXFileReference; fileEncoding = 4; lastKnownFileType = sourcecode.swift; name = MotherView.swift; path = view/MotherView.swift; sourceTree = SOURCE_ROOT; };
		1242007E245E603D00FEA28E /* RegisterView.swift */ = {isa = PBXFileReference; fileEncoding = 4; lastKnownFileType = sourcecode.swift; name = RegisterView.swift; path = view/RegisterView.swift; sourceTree = SOURCE_ROOT; };
		1242007F245E603D00FEA28E /* StartView.swift */ = {isa = PBXFileReference; fileEncoding = 4; lastKnownFileType = sourcecode.swift; name = StartView.swift; path = view/StartView.swift; sourceTree = SOURCE_ROOT; };
		12420080245E603D00FEA28E /* Forgotpasswordview.swift */ = {isa = PBXFileReference; fileEncoding = 4; lastKnownFileType = sourcecode.swift; name = Forgotpasswordview.swift; path = view/Forgotpasswordview.swift; sourceTree = SOURCE_ROOT; };
		12420081245E603D00FEA28E /* LoginView.swift */ = {isa = PBXFileReference; fileEncoding = 4; lastKnownFileType = sourcecode.swift; name = LoginView.swift; path = view/LoginView.swift; sourceTree = SOURCE_ROOT; };
		12420082245E603D00FEA28E /* ChangePasswordView.swift */ = {isa = PBXFileReference; fileEncoding = 4; lastKnownFileType = sourcecode.swift; name = ChangePasswordView.swift; path = view/ChangePasswordView.swift; sourceTree = SOURCE_ROOT; };
		12420083245E603D00FEA28E /* Pributton.swift */ = {isa = PBXFileReference; fileEncoding = 4; lastKnownFileType = sourcecode.swift; path = Pributton.swift; sourceTree = "<group>"; };
		12420084245E603D00FEA28E /* HomeView.swift */ = {isa = PBXFileReference; fileEncoding = 4; lastKnownFileType = sourcecode.swift; name = HomeView.swift; path = view/HomeView.swift; sourceTree = SOURCE_ROOT; };
		12420085245E603D00FEA28E /* NextButton.swift */ = {isa = PBXFileReference; fileEncoding = 4; lastKnownFileType = sourcecode.swift; path = NextButton.swift; sourceTree = "<group>"; };
		12420086245E603D00FEA28E /* UploadfileView.swift */ = {isa = PBXFileReference; fileEncoding = 4; lastKnownFileType = sourcecode.swift; name = UploadfileView.swift; path = view/UploadfileView.swift; sourceTree = SOURCE_ROOT; };
		12420087245E603D00FEA28E /* ImagepickerView.swift */ = {isa = PBXFileReference; fileEncoding = 4; lastKnownFileType = sourcecode.swift; path = ImagepickerView.swift; sourceTree = "<group>"; };
		12420089245E603D00FEA28E /* SetProfileView.swift */ = {isa = PBXFileReference; fileEncoding = 4; lastKnownFileType = sourcecode.swift; name = SetProfileView.swift; path = view/SetProfileView.swift; sourceTree = SOURCE_ROOT; };
		1242008A245E603D00FEA28E /* MenuView.swift */ = {isa = PBXFileReference; fileEncoding = 4; lastKnownFileType = sourcecode.swift; name = MenuView.swift; path = view/MenuView.swift; sourceTree = SOURCE_ROOT; };
		1242009A245E62BF00FEA28E /* EdwardianScriptITC.ttf */ = {isa = PBXFileReference; lastKnownFileType = file; path = EdwardianScriptITC.ttf; sourceTree = "<group>"; };
		1242009F245EBEA300FEA28E /* UploadImageManager.swift */ = {isa = PBXFileReference; lastKnownFileType = sourcecode.swift; name = UploadImageManager.swift; path = viewmodel/UploadImageManager.swift; sourceTree = SOURCE_ROOT; };
		124200A12460025E00FEA28E /* ImagepickerviewController.swift */ = {isa = PBXFileReference; lastKnownFileType = sourcecode.swift; path = ImagepickerviewController.swift; sourceTree = "<group>"; };
		124200A32461433500FEA28E /* PostViewRow.swift */ = {isa = PBXFileReference; lastKnownFileType = sourcecode.swift; path = PostViewRow.swift; sourceTree = "<group>"; };
		12595559248783C30095251B /* SearchBar.swift */ = {isa = PBXFileReference; lastKnownFileType = sourcecode.swift; name = SearchBar.swift; path = viewcontroller/SearchBar.swift; sourceTree = SOURCE_ROOT; };
		125D7399246BCCA70063263C /* Locationmanager.swift */ = {isa = PBXFileReference; lastKnownFileType = sourcecode.swift; path = Locationmanager.swift; sourceTree = "<group>"; };
		1277D1B8240F8E8C00EC10F8 /* dteproof.app */ = {isa = PBXFileReference; explicitFileType = wrapper.application; includeInIndex = 0; path = dteproof.app; sourceTree = BUILT_PRODUCTS_DIR; };
		1277D1BB240F8E8C00EC10F8 /* AppDelegate.swift */ = {isa = PBXFileReference; lastKnownFileType = sourcecode.swift; path = AppDelegate.swift; sourceTree = "<group>"; };
		1277D1BD240F8E8C00EC10F8 /* SceneDelegate.swift */ = {isa = PBXFileReference; lastKnownFileType = sourcecode.swift; path = SceneDelegate.swift; sourceTree = "<group>"; };
		1277D1C1240F8E8D00EC10F8 /* Assets.xcassets */ = {isa = PBXFileReference; lastKnownFileType = folder.assetcatalog; path = Assets.xcassets; sourceTree = "<group>"; };
		1277D1C4240F8E8D00EC10F8 /* Preview Assets.xcassets */ = {isa = PBXFileReference; lastKnownFileType = folder.assetcatalog; path = "Preview Assets.xcassets"; sourceTree = "<group>"; };
		1277D1C7240F8E8D00EC10F8 /* Base */ = {isa = PBXFileReference; lastKnownFileType = file.storyboard; name = Base; path = Base.lproj/LaunchScreen.storyboard; sourceTree = "<group>"; };
		1277D1C9240F8E8D00EC10F8 /* Info.plist */ = {isa = PBXFileReference; lastKnownFileType = text.plist.xml; path = Info.plist; sourceTree = "<group>"; };
		1277D1CE240F8E8E00EC10F8 /* dteproofTests.xctest */ = {isa = PBXFileReference; explicitFileType = wrapper.cfbundle; includeInIndex = 0; path = dteproofTests.xctest; sourceTree = BUILT_PRODUCTS_DIR; };
		1277D1D2240F8E8E00EC10F8 /* dteproofTests.swift */ = {isa = PBXFileReference; lastKnownFileType = sourcecode.swift; path = dteproofTests.swift; sourceTree = "<group>"; };
		1277D1D4240F8E8E00EC10F8 /* Info.plist */ = {isa = PBXFileReference; lastKnownFileType = text.plist.xml; path = Info.plist; sourceTree = "<group>"; };
		1277D1D9240F8E8E00EC10F8 /* dteproofUITests.xctest */ = {isa = PBXFileReference; explicitFileType = wrapper.cfbundle; includeInIndex = 0; path = dteproofUITests.xctest; sourceTree = BUILT_PRODUCTS_DIR; };
		1277D1DD240F8E8E00EC10F8 /* dteproofUITests.swift */ = {isa = PBXFileReference; lastKnownFileType = sourcecode.swift; path = dteproofUITests.swift; sourceTree = "<group>"; };
		1277D1DF240F8E8E00EC10F8 /* Info.plist */ = {isa = PBXFileReference; lastKnownFileType = text.plist.xml; path = Info.plist; sourceTree = "<group>"; };
		128F8F64247E420C0080CD06 /* CoreDataModel.xcdatamodel */ = {isa = PBXFileReference; lastKnownFileType = wrapper.xcdatamodel; path = CoreDataModel.xcdatamodel; sourceTree = "<group>"; };
		128F8F66247F67570080CD06 /* CountDownView.swift */ = {isa = PBXFileReference; lastKnownFileType = sourcecode.swift; path = CountDownView.swift; sourceTree = SOURCE_ROOT; };
		27E69E9558138CEEB411BFAA /* Pods-dteproof.release.xcconfig */ = {isa = PBXFileReference; includeInIndex = 1; lastKnownFileType = text.xcconfig; name = "Pods-dteproof.release.xcconfig"; path = "Target Support Files/Pods-dteproof/Pods-dteproof.release.xcconfig"; sourceTree = "<group>"; };
		71B543FB2560FCA834DCCF41 /* Pods_dteproofTests.framework */ = {isa = PBXFileReference; explicitFileType = wrapper.framework; includeInIndex = 0; path = Pods_dteproofTests.framework; sourceTree = BUILT_PRODUCTS_DIR; };
		72E1CDA67D031C9608659BFC /* Pods_dteproof_dteproofUITests.framework */ = {isa = PBXFileReference; explicitFileType = wrapper.framework; includeInIndex = 0; path = Pods_dteproof_dteproofUITests.framework; sourceTree = BUILT_PRODUCTS_DIR; };
		7BB4DCA72ED323CE707829C6 /* Pods-dteproof-dteproofUITests.release.xcconfig */ = {isa = PBXFileReference; includeInIndex = 1; lastKnownFileType = text.xcconfig; name = "Pods-dteproof-dteproofUITests.release.xcconfig"; path = "Target Support Files/Pods-dteproof-dteproofUITests/Pods-dteproof-dteproofUITests.release.xcconfig"; sourceTree = "<group>"; };
		7F39C3A963AF962B5CDC5925 /* Pods-dteproofTests.release.xcconfig */ = {isa = PBXFileReference; includeInIndex = 1; lastKnownFileType = text.xcconfig; name = "Pods-dteproofTests.release.xcconfig"; path = "Target Support Files/Pods-dteproofTests/Pods-dteproofTests.release.xcconfig"; sourceTree = "<group>"; };
		AA1B772FF5B33E014F9258A7 /* Pods-dteproofTests.debug.xcconfig */ = {isa = PBXFileReference; includeInIndex = 1; lastKnownFileType = text.xcconfig; name = "Pods-dteproofTests.debug.xcconfig"; path = "Target Support Files/Pods-dteproofTests/Pods-dteproofTests.debug.xcconfig"; sourceTree = "<group>"; };
		B2357BF22B087651B582B527 /* Pods-dteproof.debug.xcconfig */ = {isa = PBXFileReference; includeInIndex = 1; lastKnownFileType = text.xcconfig; name = "Pods-dteproof.debug.xcconfig"; path = "Target Support Files/Pods-dteproof/Pods-dteproof.debug.xcconfig"; sourceTree = "<group>"; };
		CAA78CF096622852D2BB56EA /* Pods-dteproof-dteproofUITests.debug.xcconfig */ = {isa = PBXFileReference; includeInIndex = 1; lastKnownFileType = text.xcconfig; name = "Pods-dteproof-dteproofUITests.debug.xcconfig"; path = "Target Support Files/Pods-dteproof-dteproofUITests/Pods-dteproof-dteproofUITests.debug.xcconfig"; sourceTree = "<group>"; };
/* End PBXFileReference section */

/* Begin PBXFrameworksBuildPhase section */
		1277D1B5240F8E8C00EC10F8 /* Frameworks */ = {
			isa = PBXFrameworksBuildPhase;
			buildActionMask = 2147483647;
			files = (
				12420048245E5E9200FEA28E /* FacebookLogin in Frameworks */,
				125D739D246C3CC20063263C /* Alamofire in Frameworks */,
				1242004A245E5E9200FEA28E /* FacebookCore in Frameworks */,
				12420042245E5E4300FEA28E /* KingfisherSwiftUI in Frameworks */,
				12420040245E5E4300FEA28E /* KingfisherSwiftUIStatic in Frameworks */,
				12420044245E5E4300FEA28E /* KingfisherSwiftUIDynamic in Frameworks */,
				CF299E2713FCED3C38FF6B6A /* Pods_dteproof.framework in Frameworks */,
			);
			runOnlyForDeploymentPostprocessing = 0;
		};
		1277D1CB240F8E8E00EC10F8 /* Frameworks */ = {
			isa = PBXFrameworksBuildPhase;
			buildActionMask = 2147483647;
			files = (
				BC96E4496E91FA385D66AFA3 /* Pods_dteproofTests.framework in Frameworks */,
			);
			runOnlyForDeploymentPostprocessing = 0;
		};
		1277D1D6240F8E8E00EC10F8 /* Frameworks */ = {
			isa = PBXFrameworksBuildPhase;
			buildActionMask = 2147483647;
			files = (
				EC1268A8D5A409DE71A5A8D9 /* Pods_dteproof_dteproofUITests.framework in Frameworks */,
			);
			runOnlyForDeploymentPostprocessing = 0;
		};
/* End PBXFrameworksBuildPhase section */

/* Begin PBXGroup section */
		122A0D96246F8C8A0056818F /* subview */ = {
			isa = PBXGroup;
			children = (
				12244A4124798995002FB2D7 /* Photoindex.swift */,
				122449FB2475253D002FB2D7 /* PhotoCollectionView.swift */,
				122A0D97246F94780056818F /* LogoView.swift */,
				122449F324751DEE002FB2D7 /* Main.storyboard */,
				12420085245E603D00FEA28E /* NextButton.swift */,
				12420083245E603D00FEA28E /* Pributton.swift */,
				12420087245E603D00FEA28E /* ImagepickerView.swift */,
				122A0D9B246FCD800056818F /* VideoView.swift */,
			);
			path = subview;
			sourceTree = "<group>";
		};
		1242005B245E5F6B00FEA28E /* datamodel */ = {
			isa = PBXGroup;
			children = (
				128F8F63247E420C0080CD06 /* CoreDataModel.xcdatamodeld */,
				12244A3B24777623002FB2D7 /* WallCollectionViewCell.swift */,
				122449F924752072002FB2D7 /* PhotoCollectionViewCell.swift */,
				12420050245E5F5E00FEA28E /* SentyGoldenBell.ttf */,
				1242009A245E62BF00FEA28E /* EdwardianScriptITC.ttf */,
				1242004B245E5F5E00FEA28E /* ColorExtension.swift */,
				12420052245E5F5E00FEA28E /* DataStructure.swift */,
				12420051245E5F5E00FEA28E /* LinearGradientExtension.swift */,
				1242004C245E5F5E00FEA28E /* NetworkClass.swift */,
				125D7399246BCCA70063263C /* Locationmanager.swift */,
				1242004D245E5F5E00FEA28E /* UIColorExtension.swift */,
			);
			path = datamodel;
			sourceTree = "<group>";
		};
		1242005C245E5FA400FEA28E /* viewmodel */ = {
			isa = PBXGroup;
			children = (
				1242009F245EBEA300FEA28E /* UploadImageManager.swift */,
				1242004E245E5F5E00FEA28E /* SheetdbViewModel.swift */,
			);
			path = viewmodel;
			sourceTree = "<group>";
		};
		1242007B245E5FDC00FEA28E /* view */ = {
			isa = PBXGroup;
			children = (
				128F8F66247F67570080CD06 /* CountDownView.swift */,
				12420082245E603D00FEA28E /* ChangePasswordView.swift */,
				12420080245E603D00FEA28E /* Forgotpasswordview.swift */,
				12420084245E603D00FEA28E /* HomeView.swift */,
				122A0D54246E5F170056818F /* ProfileView.swift */,
				124200A32461433500FEA28E /* PostViewRow.swift */,
				12420081245E603D00FEA28E /* LoginView.swift */,
				1242008A245E603D00FEA28E /* MenuView.swift */,
				1242007D245E603D00FEA28E /* MotherView.swift */,
				1242007E245E603D00FEA28E /* RegisterView.swift */,
				12420089245E603D00FEA28E /* SetProfileView.swift */,
				1242007C245E603D00FEA28E /* ContentView.swift */,
				12420086245E603D00FEA28E /* UploadfileView.swift */,
				1242007F245E603D00FEA28E /* StartView.swift */,
			);
			path = view;
			sourceTree = "<group>";
		};
		1259555B248783CE0095251B /* viewcontroller */ = {
			isa = PBXGroup;
			children = (
				12244A392477690D002FB2D7 /* WallCollectionViewController.swift */,
				1242004F245E5F5E00FEA28E /* Multitextfield.swift */,
				12595559248783C30095251B /* SearchBar.swift */,
				124200A12460025E00FEA28E /* ImagepickerviewController.swift */,
				122449F524751F62002FB2D7 /* DemoCollectionViewController.swift */,
			);
			path = viewcontroller;
			sourceTree = "<group>";
		};
		1277D1AF240F8E8C00EC10F8 = {
			isa = PBXGroup;
			children = (
				1259555B248783CE0095251B /* viewcontroller */,
				122A0D96246F8C8A0056818F /* subview */,
				1242007B245E5FDC00FEA28E /* view */,
				1242005C245E5FA400FEA28E /* viewmodel */,
				1242005B245E5F6B00FEA28E /* datamodel */,
				1277D1BA240F8E8C00EC10F8 /* dteproof */,
				1277D1D1240F8E8E00EC10F8 /* dteproofTests */,
				1277D1DC240F8E8E00EC10F8 /* dteproofUITests */,
				1277D1B9240F8E8C00EC10F8 /* Products */,
				B3E53C7D45A25F72080379F5 /* Pods */,
				B82A32F12A695CDBC1F7E543 /* Frameworks */,
			);
			sourceTree = "<group>";
		};
		1277D1B9240F8E8C00EC10F8 /* Products */ = {
			isa = PBXGroup;
			children = (
				1277D1B8240F8E8C00EC10F8 /* dteproof.app */,
				1277D1CE240F8E8E00EC10F8 /* dteproofTests.xctest */,
				1277D1D9240F8E8E00EC10F8 /* dteproofUITests.xctest */,
			);
			name = Products;
			sourceTree = "<group>";
		};
		1277D1BA240F8E8C00EC10F8 /* dteproof */ = {
			isa = PBXGroup;
			children = (
				123743252480876000056285 /* 想見你.mp3 */,
				1277D1BB240F8E8C00EC10F8 /* AppDelegate.swift */,
				1277D1BD240F8E8C00EC10F8 /* SceneDelegate.swift */,
				1277D1C1240F8E8D00EC10F8 /* Assets.xcassets */,
				1277D1C6240F8E8D00EC10F8 /* LaunchScreen.storyboard */,
				1277D1C9240F8E8D00EC10F8 /* Info.plist */,
				1277D1C3240F8E8D00EC10F8 /* Preview Content */,
			);
			path = dteproof;
			sourceTree = "<group>";
		};
		1277D1C3240F8E8D00EC10F8 /* Preview Content */ = {
			isa = PBXGroup;
			children = (
				1277D1C4240F8E8D00EC10F8 /* Preview Assets.xcassets */,
			);
			path = "Preview Content";
			sourceTree = "<group>";
		};
		1277D1D1240F8E8E00EC10F8 /* dteproofTests */ = {
			isa = PBXGroup;
			children = (
				1277D1D2240F8E8E00EC10F8 /* dteproofTests.swift */,
				1277D1D4240F8E8E00EC10F8 /* Info.plist */,
			);
			path = dteproofTests;
			sourceTree = "<group>";
		};
		1277D1DC240F8E8E00EC10F8 /* dteproofUITests */ = {
			isa = PBXGroup;
			children = (
				1277D1DD240F8E8E00EC10F8 /* dteproofUITests.swift */,
				1277D1DF240F8E8E00EC10F8 /* Info.plist */,
			);
			path = dteproofUITests;
			sourceTree = "<group>";
		};
		B3E53C7D45A25F72080379F5 /* Pods */ = {
			isa = PBXGroup;
			children = (
				B2357BF22B087651B582B527 /* Pods-dteproof.debug.xcconfig */,
				27E69E9558138CEEB411BFAA /* Pods-dteproof.release.xcconfig */,
				CAA78CF096622852D2BB56EA /* Pods-dteproof-dteproofUITests.debug.xcconfig */,
				7BB4DCA72ED323CE707829C6 /* Pods-dteproof-dteproofUITests.release.xcconfig */,
				AA1B772FF5B33E014F9258A7 /* Pods-dteproofTests.debug.xcconfig */,
				7F39C3A963AF962B5CDC5925 /* Pods-dteproofTests.release.xcconfig */,
			);
			path = Pods;
			sourceTree = "<group>";
		};
		B82A32F12A695CDBC1F7E543 /* Frameworks */ = {
			isa = PBXGroup;
			children = (
				100914A0E7D3F04B77355A67 /* Pods_dteproof.framework */,
				72E1CDA67D031C9608659BFC /* Pods_dteproof_dteproofUITests.framework */,
				71B543FB2560FCA834DCCF41 /* Pods_dteproofTests.framework */,
			);
			name = Frameworks;
			sourceTree = "<group>";
		};
/* End PBXGroup section */

/* Begin PBXNativeTarget section */
		1277D1B7240F8E8C00EC10F8 /* dteproof */ = {
			isa = PBXNativeTarget;
			buildConfigurationList = 1277D1E2240F8E8E00EC10F8 /* Build configuration list for PBXNativeTarget "dteproof" */;
			buildPhases = (
				6ACCD4D62E89149A8E9C6117 /* [CP] Check Pods Manifest.lock */,
				1277D1B4240F8E8C00EC10F8 /* Sources */,
				1277D1B5240F8E8C00EC10F8 /* Frameworks */,
				1277D1B6240F8E8C00EC10F8 /* Resources */,
				126001BD24347FC7001DA268 /* Embed Frameworks */,
				9957294AC9592998588E80A9 /* [CP] Embed Pods Frameworks */,
			);
			buildRules = (
			);
			dependencies = (
			);
			name = dteproof;
			packageProductDependencies = (
				1242003F245E5E4300FEA28E /* KingfisherSwiftUIStatic */,
				12420041245E5E4300FEA28E /* KingfisherSwiftUI */,
				12420043245E5E4300FEA28E /* KingfisherSwiftUIDynamic */,
				12420047245E5E9200FEA28E /* FacebookLogin */,
				12420049245E5E9200FEA28E /* FacebookCore */,
				125D739C246C3CC20063263C /* Alamofire */,
			);
			productName = dteproof;
			productReference = 1277D1B8240F8E8C00EC10F8 /* dteproof.app */;
			productType = "com.apple.product-type.application";
		};
		1277D1CD240F8E8E00EC10F8 /* dteproofTests */ = {
			isa = PBXNativeTarget;
			buildConfigurationList = 1277D1E5240F8E8E00EC10F8 /* Build configuration list for PBXNativeTarget "dteproofTests" */;
			buildPhases = (
				3F265BD8EC4DFF044AC01769 /* [CP] Check Pods Manifest.lock */,
				1277D1CA240F8E8E00EC10F8 /* Sources */,
				1277D1CB240F8E8E00EC10F8 /* Frameworks */,
				1277D1CC240F8E8E00EC10F8 /* Resources */,
			);
			buildRules = (
			);
			dependencies = (
				1277D1D0240F8E8E00EC10F8 /* PBXTargetDependency */,
			);
			name = dteproofTests;
			productName = dteproofTests;
			productReference = 1277D1CE240F8E8E00EC10F8 /* dteproofTests.xctest */;
			productType = "com.apple.product-type.bundle.unit-test";
		};
		1277D1D8240F8E8E00EC10F8 /* dteproofUITests */ = {
			isa = PBXNativeTarget;
			buildConfigurationList = 1277D1E8240F8E8E00EC10F8 /* Build configuration list for PBXNativeTarget "dteproofUITests" */;
			buildPhases = (
				81F16A4FEC926DCBB499A2D1 /* [CP] Check Pods Manifest.lock */,
				1277D1D5240F8E8E00EC10F8 /* Sources */,
				1277D1D6240F8E8E00EC10F8 /* Frameworks */,
				1277D1D7240F8E8E00EC10F8 /* Resources */,
				F5F8D2FC68DE95663AA1BFD2 /* [CP] Embed Pods Frameworks */,
			);
			buildRules = (
			);
			dependencies = (
				1277D1DB240F8E8E00EC10F8 /* PBXTargetDependency */,
			);
			name = dteproofUITests;
			productName = dteproofUITests;
			productReference = 1277D1D9240F8E8E00EC10F8 /* dteproofUITests.xctest */;
			productType = "com.apple.product-type.bundle.ui-testing";
		};
/* End PBXNativeTarget section */

/* Begin PBXProject section */
		1277D1B0240F8E8C00EC10F8 /* Project object */ = {
			isa = PBXProject;
			attributes = {
				LastSwiftUpdateCheck = 1130;
				LastUpgradeCheck = 1130;
				ORGANIZATIONNAME = Chen_Yu_Hao;
				TargetAttributes = {
					1277D1B7240F8E8C00EC10F8 = {
						CreatedOnToolsVersion = 11.3;
					};
					1277D1CD240F8E8E00EC10F8 = {
						CreatedOnToolsVersion = 11.3;
						TestTargetID = 1277D1B7240F8E8C00EC10F8;
					};
					1277D1D8240F8E8E00EC10F8 = {
						CreatedOnToolsVersion = 11.3;
						TestTargetID = 1277D1B7240F8E8C00EC10F8;
					};
				};
			};
			buildConfigurationList = 1277D1B3240F8E8C00EC10F8 /* Build configuration list for PBXProject "dteproof" */;
			compatibilityVersion = "Xcode 9.3";
			developmentRegion = en;
			hasScannedForEncodings = 0;
			knownRegions = (
				en,
				Base,
			);
			mainGroup = 1277D1AF240F8E8C00EC10F8;
			packageReferences = (
				1242003E245E5E4300FEA28E /* XCRemoteSwiftPackageReference "Kingfisher" */,
				12420046245E5E9200FEA28E /* XCRemoteSwiftPackageReference "facebook-ios-sdk" */,
				125D739B246C3CC20063263C /* XCRemoteSwiftPackageReference "Alamofire" */,
			);
			productRefGroup = 1277D1B9240F8E8C00EC10F8 /* Products */;
			projectDirPath = "";
			projectRoot = "";
			targets = (
				1277D1B7240F8E8C00EC10F8 /* dteproof */,
				1277D1CD240F8E8E00EC10F8 /* dteproofTests */,
				1277D1D8240F8E8E00EC10F8 /* dteproofUITests */,
			);
		};
/* End PBXProject section */

/* Begin PBXResourcesBuildPhase section */
		1277D1B6240F8E8C00EC10F8 /* Resources */ = {
			isa = PBXResourcesBuildPhase;
			buildActionMask = 2147483647;
			files = (
				1277D1C8240F8E8D00EC10F8 /* LaunchScreen.storyboard in Resources */,
				123743262480876000056285 /* 想見你.mp3 in Resources */,
				1277D1C5240F8E8D00EC10F8 /* Preview Assets.xcassets in Resources */,
				12420058245E5F5E00FEA28E /* SentyGoldenBell.ttf in Resources */,
				122449F424751DEE002FB2D7 /* Main.storyboard in Resources */,
				1277D1C2240F8E8D00EC10F8 /* Assets.xcassets in Resources */,
				1242009B245E62BF00FEA28E /* EdwardianScriptITC.ttf in Resources */,
			);
			runOnlyForDeploymentPostprocessing = 0;
		};
		1277D1CC240F8E8E00EC10F8 /* Resources */ = {
			isa = PBXResourcesBuildPhase;
			buildActionMask = 2147483647;
			files = (
			);
			runOnlyForDeploymentPostprocessing = 0;
		};
		1277D1D7240F8E8E00EC10F8 /* Resources */ = {
			isa = PBXResourcesBuildPhase;
			buildActionMask = 2147483647;
			files = (
			);
			runOnlyForDeploymentPostprocessing = 0;
		};
/* End PBXResourcesBuildPhase section */

/* Begin PBXShellScriptBuildPhase section */
		3F265BD8EC4DFF044AC01769 /* [CP] Check Pods Manifest.lock */ = {
			isa = PBXShellScriptBuildPhase;
			buildActionMask = 2147483647;
			files = (
			);
			inputFileListPaths = (
			);
			inputPaths = (
				"${PODS_PODFILE_DIR_PATH}/Podfile.lock",
				"${PODS_ROOT}/Manifest.lock",
			);
			name = "[CP] Check Pods Manifest.lock";
			outputFileListPaths = (
			);
			outputPaths = (
				"$(DERIVED_FILE_DIR)/Pods-dteproofTests-checkManifestLockResult.txt",
			);
			runOnlyForDeploymentPostprocessing = 0;
			shellPath = /bin/sh;
			shellScript = "diff \"${PODS_PODFILE_DIR_PATH}/Podfile.lock\" \"${PODS_ROOT}/Manifest.lock\" > /dev/null\nif [ $? != 0 ] ; then\n    # print error to STDERR\n    echo \"error: The sandbox is not in sync with the Podfile.lock. Run 'pod install' or update your CocoaPods installation.\" >&2\n    exit 1\nfi\n# This output is used by Xcode 'outputs' to avoid re-running this script phase.\necho \"SUCCESS\" > \"${SCRIPT_OUTPUT_FILE_0}\"\n";
			showEnvVarsInLog = 0;
		};
		6ACCD4D62E89149A8E9C6117 /* [CP] Check Pods Manifest.lock */ = {
			isa = PBXShellScriptBuildPhase;
			buildActionMask = 2147483647;
			files = (
			);
			inputFileListPaths = (
			);
			inputPaths = (
				"${PODS_PODFILE_DIR_PATH}/Podfile.lock",
				"${PODS_ROOT}/Manifest.lock",
			);
			name = "[CP] Check Pods Manifest.lock";
			outputFileListPaths = (
			);
			outputPaths = (
				"$(DERIVED_FILE_DIR)/Pods-dteproof-checkManifestLockResult.txt",
			);
			runOnlyForDeploymentPostprocessing = 0;
			shellPath = /bin/sh;
			shellScript = "diff \"${PODS_PODFILE_DIR_PATH}/Podfile.lock\" \"${PODS_ROOT}/Manifest.lock\" > /dev/null\nif [ $? != 0 ] ; then\n    # print error to STDERR\n    echo \"error: The sandbox is not in sync with the Podfile.lock. Run 'pod install' or update your CocoaPods installation.\" >&2\n    exit 1\nfi\n# This output is used by Xcode 'outputs' to avoid re-running this script phase.\necho \"SUCCESS\" > \"${SCRIPT_OUTPUT_FILE_0}\"\n";
			showEnvVarsInLog = 0;
		};
		81F16A4FEC926DCBB499A2D1 /* [CP] Check Pods Manifest.lock */ = {
			isa = PBXShellScriptBuildPhase;
			buildActionMask = 2147483647;
			files = (
			);
			inputFileListPaths = (
			);
			inputPaths = (
				"${PODS_PODFILE_DIR_PATH}/Podfile.lock",
				"${PODS_ROOT}/Manifest.lock",
			);
			name = "[CP] Check Pods Manifest.lock";
			outputFileListPaths = (
			);
			outputPaths = (
				"$(DERIVED_FILE_DIR)/Pods-dteproof-dteproofUITests-checkManifestLockResult.txt",
			);
			runOnlyForDeploymentPostprocessing = 0;
			shellPath = /bin/sh;
			shellScript = "diff \"${PODS_PODFILE_DIR_PATH}/Podfile.lock\" \"${PODS_ROOT}/Manifest.lock\" > /dev/null\nif [ $? != 0 ] ; then\n    # print error to STDERR\n    echo \"error: The sandbox is not in sync with the Podfile.lock. Run 'pod install' or update your CocoaPods installation.\" >&2\n    exit 1\nfi\n# This output is used by Xcode 'outputs' to avoid re-running this script phase.\necho \"SUCCESS\" > \"${SCRIPT_OUTPUT_FILE_0}\"\n";
			showEnvVarsInLog = 0;
		};
		9957294AC9592998588E80A9 /* [CP] Embed Pods Frameworks */ = {
			isa = PBXShellScriptBuildPhase;
			buildActionMask = 2147483647;
			files = (
			);
			inputFileListPaths = (
				"${PODS_ROOT}/Target Support Files/Pods-dteproof/Pods-dteproof-frameworks-${CONFIGURATION}-input-files.xcfilelist",
			);
			name = "[CP] Embed Pods Frameworks";
			outputFileListPaths = (
				"${PODS_ROOT}/Target Support Files/Pods-dteproof/Pods-dteproof-frameworks-${CONFIGURATION}-output-files.xcfilelist",
			);
			runOnlyForDeploymentPostprocessing = 0;
			shellPath = /bin/sh;
			shellScript = "\"${PODS_ROOT}/Target Support Files/Pods-dteproof/Pods-dteproof-frameworks.sh\"\n";
			showEnvVarsInLog = 0;
		};
		F5F8D2FC68DE95663AA1BFD2 /* [CP] Embed Pods Frameworks */ = {
			isa = PBXShellScriptBuildPhase;
			buildActionMask = 2147483647;
			files = (
			);
			inputFileListPaths = (
				"${PODS_ROOT}/Target Support Files/Pods-dteproof-dteproofUITests/Pods-dteproof-dteproofUITests-frameworks-${CONFIGURATION}-input-files.xcfilelist",
			);
			name = "[CP] Embed Pods Frameworks";
			outputFileListPaths = (
				"${PODS_ROOT}/Target Support Files/Pods-dteproof-dteproofUITests/Pods-dteproof-dteproofUITests-frameworks-${CONFIGURATION}-output-files.xcfilelist",
			);
			runOnlyForDeploymentPostprocessing = 0;
			shellPath = /bin/sh;
			shellScript = "\"${PODS_ROOT}/Target Support Files/Pods-dteproof-dteproofUITests/Pods-dteproof-dteproofUITests-frameworks.sh\"\n";
			showEnvVarsInLog = 0;
		};
/* End PBXShellScriptBuildPhase section */

/* Begin PBXSourcesBuildPhase section */
		1277D1B4240F8E8C00EC10F8 /* Sources */ = {
			isa = PBXSourcesBuildPhase;
			buildActionMask = 2147483647;
			files = (
				128F8F67247F67570080CD06 /* CountDownView.swift in Sources */,
				122449F624751F62002FB2D7 /* DemoCollectionViewController.swift in Sources */,
				125D739A246BCCA70063263C /* Locationmanager.swift in Sources */,
				12420053245E5F5E00FEA28E /* ColorExtension.swift in Sources */,
				12420099245E603D00FEA28E /* MenuView.swift in Sources */,
				12420054245E5F5E00FEA28E /* NetworkClass.swift in Sources */,
				12420056245E5F5E00FEA28E /* SheetdbViewModel.swift in Sources */,
				12420090245E603D00FEA28E /* LoginView.swift in Sources */,
				12420096245E603D00FEA28E /* ImagepickerView.swift in Sources */,
				128F8F65247E420C0080CD06 /* CoreDataModel.xcdatamodeld in Sources */,
				1242005A245E5F5E00FEA28E /* DataStructure.swift in Sources */,
				122449FA24752072002FB2D7 /* PhotoCollectionViewCell.swift in Sources */,
				122A0D9C246FCD800056818F /* VideoView.swift in Sources */,
				12420055245E5F5E00FEA28E /* UIColorExtension.swift in Sources */,
				1242008E245E603D00FEA28E /* StartView.swift in Sources */,
				12420094245E603D00FEA28E /* NextButton.swift in Sources */,
				12420091245E603D00FEA28E /* ChangePasswordView.swift in Sources */,
				1277D1BC240F8E8C00EC10F8 /* AppDelegate.swift in Sources */,
				12420093245E603D00FEA28E /* HomeView.swift in Sources */,
				12420095245E603D00FEA28E /* UploadfileView.swift in Sources */,
				124200A22460025E00FEA28E /* ImagepickerviewController.swift in Sources */,
				12420098245E603D00FEA28E /* SetProfileView.swift in Sources */,
				122449FC2475253D002FB2D7 /* PhotoCollectionView.swift in Sources */,
				1242008C245E603D00FEA28E /* MotherView.swift in Sources */,
				1242008B245E603D00FEA28E /* ContentView.swift in Sources */,
				12420057245E5F5E00FEA28E /* Multitextfield.swift in Sources */,
				1259555A248783C30095251B /* SearchBar.swift in Sources */,
				12244A3A2477690D002FB2D7 /* WallCollectionViewController.swift in Sources */,
				122A0D55246E5F170056818F /* ProfileView.swift in Sources */,
				1242008F245E603D00FEA28E /* Forgotpasswordview.swift in Sources */,
				124200A0245EBEA300FEA28E /* UploadImageManager.swift in Sources */,
				124200A42461433500FEA28E /* PostViewRow.swift in Sources */,
				122A0D98246F94780056818F /* LogoView.swift in Sources */,
				1242008D245E603D00FEA28E /* RegisterView.swift in Sources */,
				12420092245E603D00FEA28E /* Pributton.swift in Sources */,
				12420059245E5F5E00FEA28E /* LinearGradientExtension.swift in Sources */,
				12244A4224798995002FB2D7 /* Photoindex.swift in Sources */,
				12244A3C24777623002FB2D7 /* WallCollectionViewCell.swift in Sources */,
				1277D1BE240F8E8C00EC10F8 /* SceneDelegate.swift in Sources */,
			);
			runOnlyForDeploymentPostprocessing = 0;
		};
		1277D1CA240F8E8E00EC10F8 /* Sources */ = {
			isa = PBXSourcesBuildPhase;
			buildActionMask = 2147483647;
			files = (
				1277D1D3240F8E8E00EC10F8 /* dteproofTests.swift in Sources */,
			);
			runOnlyForDeploymentPostprocessing = 0;
		};
		1277D1D5240F8E8E00EC10F8 /* Sources */ = {
			isa = PBXSourcesBuildPhase;
			buildActionMask = 2147483647;
			files = (
				1277D1DE240F8E8E00EC10F8 /* dteproofUITests.swift in Sources */,
			);
			runOnlyForDeploymentPostprocessing = 0;
		};
/* End PBXSourcesBuildPhase section */

/* Begin PBXTargetDependency section */
		1277D1D0240F8E8E00EC10F8 /* PBXTargetDependency */ = {
			isa = PBXTargetDependency;
			target = 1277D1B7240F8E8C00EC10F8 /* dteproof */;
			targetProxy = 1277D1CF240F8E8E00EC10F8 /* PBXContainerItemProxy */;
		};
		1277D1DB240F8E8E00EC10F8 /* PBXTargetDependency */ = {
			isa = PBXTargetDependency;
			target = 1277D1B7240F8E8C00EC10F8 /* dteproof */;
			targetProxy = 1277D1DA240F8E8E00EC10F8 /* PBXContainerItemProxy */;
		};
/* End PBXTargetDependency section */

/* Begin PBXVariantGroup section */
		1277D1C6240F8E8D00EC10F8 /* LaunchScreen.storyboard */ = {
			isa = PBXVariantGroup;
			children = (
				1277D1C7240F8E8D00EC10F8 /* Base */,
			);
			name = LaunchScreen.storyboard;
			sourceTree = "<group>";
		};
/* End PBXVariantGroup section */

/* Begin XCBuildConfiguration section */
		1277D1E0240F8E8E00EC10F8 /* Debug */ = {
			isa = XCBuildConfiguration;
			buildSettings = {
				ALWAYS_SEARCH_USER_PATHS = NO;
				CLANG_ANALYZER_NONNULL = YES;
				CLANG_ANALYZER_NUMBER_OBJECT_CONVERSION = YES_AGGRESSIVE;
				CLANG_CXX_LANGUAGE_STANDARD = "gnu++14";
				CLANG_CXX_LIBRARY = "libc++";
				CLANG_ENABLE_MODULES = YES;
				CLANG_ENABLE_OBJC_ARC = YES;
				CLANG_ENABLE_OBJC_WEAK = YES;
				CLANG_WARN_BLOCK_CAPTURE_AUTORELEASING = YES;
				CLANG_WARN_BOOL_CONVERSION = YES;
				CLANG_WARN_COMMA = YES;
				CLANG_WARN_CONSTANT_CONVERSION = YES;
				CLANG_WARN_DEPRECATED_OBJC_IMPLEMENTATIONS = YES;
				CLANG_WARN_DIRECT_OBJC_ISA_USAGE = YES_ERROR;
				CLANG_WARN_DOCUMENTATION_COMMENTS = YES;
				CLANG_WARN_EMPTY_BODY = YES;
				CLANG_WARN_ENUM_CONVERSION = YES;
				CLANG_WARN_INFINITE_RECURSION = YES;
				CLANG_WARN_INT_CONVERSION = YES;
				CLANG_WARN_NON_LITERAL_NULL_CONVERSION = YES;
				CLANG_WARN_OBJC_IMPLICIT_RETAIN_SELF = YES;
				CLANG_WARN_OBJC_LITERAL_CONVERSION = YES;
				CLANG_WARN_OBJC_ROOT_CLASS = YES_ERROR;
				CLANG_WARN_RANGE_LOOP_ANALYSIS = YES;
				CLANG_WARN_STRICT_PROTOTYPES = YES;
				CLANG_WARN_SUSPICIOUS_MOVE = YES;
				CLANG_WARN_UNGUARDED_AVAILABILITY = YES_AGGRESSIVE;
				CLANG_WARN_UNREACHABLE_CODE = YES;
				CLANG_WARN__DUPLICATE_METHOD_MATCH = YES;
				COPY_PHASE_STRIP = NO;
				DEBUG_INFORMATION_FORMAT = dwarf;
				ENABLE_STRICT_OBJC_MSGSEND = YES;
				ENABLE_TESTABILITY = YES;
				GCC_C_LANGUAGE_STANDARD = gnu11;
				GCC_DYNAMIC_NO_PIC = NO;
				GCC_NO_COMMON_BLOCKS = YES;
				GCC_OPTIMIZATION_LEVEL = 0;
				GCC_PREPROCESSOR_DEFINITIONS = (
					"DEBUG=1",
					"$(inherited)",
				);
				GCC_WARN_64_TO_32_BIT_CONVERSION = YES;
				GCC_WARN_ABOUT_RETURN_TYPE = YES_ERROR;
				GCC_WARN_UNDECLARED_SELECTOR = YES;
				GCC_WARN_UNINITIALIZED_AUTOS = YES_AGGRESSIVE;
				GCC_WARN_UNUSED_FUNCTION = YES;
				GCC_WARN_UNUSED_VARIABLE = YES;
				IPHONEOS_DEPLOYMENT_TARGET = 13.4;
				MTL_ENABLE_DEBUG_INFO = INCLUDE_SOURCE;
				MTL_FAST_MATH = YES;
				ONLY_ACTIVE_ARCH = YES;
				SDKROOT = iphoneos;
				SWIFT_ACTIVE_COMPILATION_CONDITIONS = DEBUG;
				SWIFT_OPTIMIZATION_LEVEL = "-Onone";
			};
			name = Debug;
		};
		1277D1E1240F8E8E00EC10F8 /* Release */ = {
			isa = XCBuildConfiguration;
			buildSettings = {
				ALWAYS_SEARCH_USER_PATHS = NO;
				CLANG_ANALYZER_NONNULL = YES;
				CLANG_ANALYZER_NUMBER_OBJECT_CONVERSION = YES_AGGRESSIVE;
				CLANG_CXX_LANGUAGE_STANDARD = "gnu++14";
				CLANG_CXX_LIBRARY = "libc++";
				CLANG_ENABLE_MODULES = YES;
				CLANG_ENABLE_OBJC_ARC = YES;
				CLANG_ENABLE_OBJC_WEAK = YES;
				CLANG_WARN_BLOCK_CAPTURE_AUTORELEASING = YES;
				CLANG_WARN_BOOL_CONVERSION = YES;
				CLANG_WARN_COMMA = YES;
				CLANG_WARN_CONSTANT_CONVERSION = YES;
				CLANG_WARN_DEPRECATED_OBJC_IMPLEMENTATIONS = YES;
				CLANG_WARN_DIRECT_OBJC_ISA_USAGE = YES_ERROR;
				CLANG_WARN_DOCUMENTATION_COMMENTS = YES;
				CLANG_WARN_EMPTY_BODY = YES;
				CLANG_WARN_ENUM_CONVERSION = YES;
				CLANG_WARN_INFINITE_RECURSION = YES;
				CLANG_WARN_INT_CONVERSION = YES;
				CLANG_WARN_NON_LITERAL_NULL_CONVERSION = YES;
				CLANG_WARN_OBJC_IMPLICIT_RETAIN_SELF = YES;
				CLANG_WARN_OBJC_LITERAL_CONVERSION = YES;
				CLANG_WARN_OBJC_ROOT_CLASS = YES_ERROR;
				CLANG_WARN_RANGE_LOOP_ANALYSIS = YES;
				CLANG_WARN_STRICT_PROTOTYPES = YES;
				CLANG_WARN_SUSPICIOUS_MOVE = YES;
				CLANG_WARN_UNGUARDED_AVAILABILITY = YES_AGGRESSIVE;
				CLANG_WARN_UNREACHABLE_CODE = YES;
				CLANG_WARN__DUPLICATE_METHOD_MATCH = YES;
				COPY_PHASE_STRIP = NO;
				DEBUG_INFORMATION_FORMAT = "dwarf-with-dsym";
				ENABLE_NS_ASSERTIONS = NO;
				ENABLE_STRICT_OBJC_MSGSEND = YES;
				GCC_C_LANGUAGE_STANDARD = gnu11;
				GCC_NO_COMMON_BLOCKS = YES;
				GCC_WARN_64_TO_32_BIT_CONVERSION = YES;
				GCC_WARN_ABOUT_RETURN_TYPE = YES_ERROR;
				GCC_WARN_UNDECLARED_SELECTOR = YES;
				GCC_WARN_UNINITIALIZED_AUTOS = YES_AGGRESSIVE;
				GCC_WARN_UNUSED_FUNCTION = YES;
				GCC_WARN_UNUSED_VARIABLE = YES;
				IPHONEOS_DEPLOYMENT_TARGET = 13.4;
				MTL_ENABLE_DEBUG_INFO = NO;
				MTL_FAST_MATH = YES;
				SDKROOT = iphoneos;
				SWIFT_COMPILATION_MODE = wholemodule;
				SWIFT_OPTIMIZATION_LEVEL = "-O";
				VALIDATE_PRODUCT = YES;
			};
			name = Release;
		};
		1277D1E3240F8E8E00EC10F8 /* Debug */ = {
			isa = XCBuildConfiguration;
			baseConfigurationReference = B2357BF22B087651B582B527 /* Pods-dteproof.debug.xcconfig */;
			buildSettings = {
				ASSETCATALOG_COMPILER_APPICON_NAME = AppIcon;
				CODE_SIGN_STYLE = Automatic;
				DEVELOPMENT_ASSET_PATHS = "\"dteproof/Preview Content\"";
				DEVELOPMENT_TEAM = NTXR9F489V;
				ENABLE_PREVIEWS = YES;
				INFOPLIST_FILE = dteproof/Info.plist;
				IPHONEOS_DEPLOYMENT_TARGET = 13.1;
				LD_RUNPATH_SEARCH_PATHS = (
					"$(inherited)",
					"@executable_path/Frameworks",
				);
				PRODUCT_BUNDLE_IDENTIFIER = dte.dteproof;
				PRODUCT_NAME = "$(TARGET_NAME)";
				SWIFT_VERSION = 5.0;
				TARGETED_DEVICE_FAMILY = "1,2";
			};
			name = Debug;
		};
		1277D1E4240F8E8E00EC10F8 /* Release */ = {
			isa = XCBuildConfiguration;
			baseConfigurationReference = 27E69E9558138CEEB411BFAA /* Pods-dteproof.release.xcconfig */;
			buildSettings = {
				ASSETCATALOG_COMPILER_APPICON_NAME = AppIcon;
				CODE_SIGN_STYLE = Automatic;
				DEVELOPMENT_ASSET_PATHS = "\"dteproof/Preview Content\"";
				DEVELOPMENT_TEAM = NTXR9F489V;
				ENABLE_PREVIEWS = YES;
				INFOPLIST_FILE = dteproof/Info.plist;
				IPHONEOS_DEPLOYMENT_TARGET = 13.1;
				LD_RUNPATH_SEARCH_PATHS = (
					"$(inherited)",
					"@executable_path/Frameworks",
				);
				PRODUCT_BUNDLE_IDENTIFIER = dte.dteproof;
				PRODUCT_NAME = "$(TARGET_NAME)";
				SWIFT_VERSION = 5.0;
				TARGETED_DEVICE_FAMILY = "1,2";
			};
			name = Release;
		};
		1277D1E6240F8E8E00EC10F8 /* Debug */ = {
			isa = XCBuildConfiguration;
			baseConfigurationReference = AA1B772FF5B33E014F9258A7 /* Pods-dteproofTests.debug.xcconfig */;
			buildSettings = {
				ALWAYS_EMBED_SWIFT_STANDARD_LIBRARIES = YES;
				BUNDLE_LOADER = "$(TEST_HOST)";
				CODE_SIGN_STYLE = Automatic;
				DEVELOPMENT_TEAM = NTXR9F489V;
				INFOPLIST_FILE = dteproofTests/Info.plist;
				IPHONEOS_DEPLOYMENT_TARGET = 13.2;
				LD_RUNPATH_SEARCH_PATHS = (
					"$(inherited)",
					"@executable_path/Frameworks",
					"@loader_path/Frameworks",
				);
				PRODUCT_BUNDLE_IDENTIFIER = dte.dteproofTests;
				PRODUCT_NAME = "$(TARGET_NAME)";
				SWIFT_VERSION = 5.0;
				TARGETED_DEVICE_FAMILY = "1,2";
				TEST_HOST = "$(BUILT_PRODUCTS_DIR)/dteproof.app/dteproof";
			};
			name = Debug;
		};
		1277D1E7240F8E8E00EC10F8 /* Release */ = {
			isa = XCBuildConfiguration;
			baseConfigurationReference = 7F39C3A963AF962B5CDC5925 /* Pods-dteproofTests.release.xcconfig */;
			buildSettings = {
				ALWAYS_EMBED_SWIFT_STANDARD_LIBRARIES = YES;
				BUNDLE_LOADER = "$(TEST_HOST)";
				CODE_SIGN_STYLE = Automatic;
				DEVELOPMENT_TEAM = NTXR9F489V;
				INFOPLIST_FILE = dteproofTests/Info.plist;
				IPHONEOS_DEPLOYMENT_TARGET = 13.2;
				LD_RUNPATH_SEARCH_PATHS = (
					"$(inherited)",
					"@executable_path/Frameworks",
					"@loader_path/Frameworks",
				);
				PRODUCT_BUNDLE_IDENTIFIER = dte.dteproofTests;
				PRODUCT_NAME = "$(TARGET_NAME)";
				SWIFT_VERSION = 5.0;
				TARGETED_DEVICE_FAMILY = "1,2";
				TEST_HOST = "$(BUILT_PRODUCTS_DIR)/dteproof.app/dteproof";
			};
			name = Release;
		};
		1277D1E9240F8E8E00EC10F8 /* Debug */ = {
			isa = XCBuildConfiguration;
			baseConfigurationReference = CAA78CF096622852D2BB56EA /* Pods-dteproof-dteproofUITests.debug.xcconfig */;
			buildSettings = {
				ALWAYS_EMBED_SWIFT_STANDARD_LIBRARIES = YES;
				CODE_SIGN_STYLE = Automatic;
				DEVELOPMENT_TEAM = NTXR9F489V;
				INFOPLIST_FILE = dteproofUITests/Info.plist;
				LD_RUNPATH_SEARCH_PATHS = (
					"$(inherited)",
					"@executable_path/Frameworks",
					"@loader_path/Frameworks",
				);
				PRODUCT_BUNDLE_IDENTIFIER = dte.dteproofUITests;
				PRODUCT_NAME = "$(TARGET_NAME)";
				SWIFT_VERSION = 5.0;
				TARGETED_DEVICE_FAMILY = "1,2";
				TEST_TARGET_NAME = dteproof;
			};
			name = Debug;
		};
		1277D1EA240F8E8E00EC10F8 /* Release */ = {
			isa = XCBuildConfiguration;
			baseConfigurationReference = 7BB4DCA72ED323CE707829C6 /* Pods-dteproof-dteproofUITests.release.xcconfig */;
			buildSettings = {
				ALWAYS_EMBED_SWIFT_STANDARD_LIBRARIES = YES;
				CODE_SIGN_STYLE = Automatic;
				DEVELOPMENT_TEAM = NTXR9F489V;
				INFOPLIST_FILE = dteproofUITests/Info.plist;
				LD_RUNPATH_SEARCH_PATHS = (
					"$(inherited)",
					"@executable_path/Frameworks",
					"@loader_path/Frameworks",
				);
				PRODUCT_BUNDLE_IDENTIFIER = dte.dteproofUITests;
				PRODUCT_NAME = "$(TARGET_NAME)";
				SWIFT_VERSION = 5.0;
				TARGETED_DEVICE_FAMILY = "1,2";
				TEST_TARGET_NAME = dteproof;
			};
			name = Release;
		};
/* End XCBuildConfiguration section */

/* Begin XCConfigurationList section */
		1277D1B3240F8E8C00EC10F8 /* Build configuration list for PBXProject "dteproof" */ = {
			isa = XCConfigurationList;
			buildConfigurations = (
				1277D1E0240F8E8E00EC10F8 /* Debug */,
				1277D1E1240F8E8E00EC10F8 /* Release */,
			);
			defaultConfigurationIsVisible = 0;
			defaultConfigurationName = Release;
		};
		1277D1E2240F8E8E00EC10F8 /* Build configuration list for PBXNativeTarget "dteproof" */ = {
			isa = XCConfigurationList;
			buildConfigurations = (
				1277D1E3240F8E8E00EC10F8 /* Debug */,
				1277D1E4240F8E8E00EC10F8 /* Release */,
			);
			defaultConfigurationIsVisible = 0;
			defaultConfigurationName = Release;
		};
		1277D1E5240F8E8E00EC10F8 /* Build configuration list for PBXNativeTarget "dteproofTests" */ = {
			isa = XCConfigurationList;
			buildConfigurations = (
				1277D1E6240F8E8E00EC10F8 /* Debug */,
				1277D1E7240F8E8E00EC10F8 /* Release */,
			);
			defaultConfigurationIsVisible = 0;
			defaultConfigurationName = Release;
		};
		1277D1E8240F8E8E00EC10F8 /* Build configuration list for PBXNativeTarget "dteproofUITests" */ = {
			isa = XCConfigurationList;
			buildConfigurations = (
				1277D1E9240F8E8E00EC10F8 /* Debug */,
				1277D1EA240F8E8E00EC10F8 /* Release */,
			);
			defaultConfigurationIsVisible = 0;
			defaultConfigurationName = Release;
		};
/* End XCConfigurationList section */

/* Begin XCRemoteSwiftPackageReference section */
		1242003E245E5E4300FEA28E /* XCRemoteSwiftPackageReference "Kingfisher" */ = {
			isa = XCRemoteSwiftPackageReference;
			repositoryURL = "https://github.com/onevcat/Kingfisher";
			requirement = {
				kind = upToNextMajorVersion;
				minimumVersion = 5.13.4;
			};
		};
		12420046245E5E9200FEA28E /* XCRemoteSwiftPackageReference "facebook-ios-sdk" */ = {
			isa = XCRemoteSwiftPackageReference;
			repositoryURL = "https://github.com/facebook/facebook-ios-sdk";
			requirement = {
				kind = upToNextMajorVersion;
				minimumVersion = 6.5.2;
			};
		};
		125D739B246C3CC20063263C /* XCRemoteSwiftPackageReference "Alamofire" */ = {
			isa = XCRemoteSwiftPackageReference;
			repositoryURL = "https://github.com/Alamofire/Alamofire";
			requirement = {
				kind = upToNextMajorVersion;
				minimumVersion = 5.1.0;
			};
		};
/* End XCRemoteSwiftPackageReference section */

/* Begin XCSwiftPackageProductDependency section */
		1242003F245E5E4300FEA28E /* KingfisherSwiftUIStatic */ = {
			isa = XCSwiftPackageProductDependency;
			package = 1242003E245E5E4300FEA28E /* XCRemoteSwiftPackageReference "Kingfisher" */;
			productName = KingfisherSwiftUIStatic;
		};
		12420041245E5E4300FEA28E /* KingfisherSwiftUI */ = {
			isa = XCSwiftPackageProductDependency;
			package = 1242003E245E5E4300FEA28E /* XCRemoteSwiftPackageReference "Kingfisher" */;
			productName = KingfisherSwiftUI;
		};
		12420043245E5E4300FEA28E /* KingfisherSwiftUIDynamic */ = {
			isa = XCSwiftPackageProductDependency;
			package = 1242003E245E5E4300FEA28E /* XCRemoteSwiftPackageReference "Kingfisher" */;
			productName = KingfisherSwiftUIDynamic;
		};
		12420047245E5E9200FEA28E /* FacebookLogin */ = {
			isa = XCSwiftPackageProductDependency;
			package = 12420046245E5E9200FEA28E /* XCRemoteSwiftPackageReference "facebook-ios-sdk" */;
			productName = FacebookLogin;
		};
		12420049245E5E9200FEA28E /* FacebookCore */ = {
			isa = XCSwiftPackageProductDependency;
			package = 12420046245E5E9200FEA28E /* XCRemoteSwiftPackageReference "facebook-ios-sdk" */;
			productName = FacebookCore;
		};
		125D739C246C3CC20063263C /* Alamofire */ = {
			isa = XCSwiftPackageProductDependency;
			package = 125D739B246C3CC20063263C /* XCRemoteSwiftPackageReference "Alamofire" */;
			productName = Alamofire;
		};
/* End XCSwiftPackageProductDependency section */

/* Begin XCVersionGroup section */
		128F8F63247E420C0080CD06 /* CoreDataModel.xcdatamodeld */ = {
			isa = XCVersionGroup;
			children = (
				128F8F64247E420C0080CD06 /* CoreDataModel.xcdatamodel */,
			);
			currentVersion = 128F8F64247E420C0080CD06 /* CoreDataModel.xcdatamodel */;
			name = CoreDataModel.xcdatamodeld;
			path = ../view/CoreDataModel.xcdatamodeld;
			sourceTree = "<group>";
			versionGroupType = wrapper.xcdatamodel;
		};
/* End XCVersionGroup section */
	};
	rootObject = 1277D1B0240F8E8C00EC10F8 /* Project object */;
}
